# This file is automatically generated by Poetry 1.8.2 and should be committed to version control.
[[package]]
name = "django"
version = "5.0.6"
description = "A high-level Python web framework that encourages rapid development and clean, pragmatic design."
optional = false
python-versions = ">=3.10"
files = []

[package.dependencies]
asgiref = ">=3.7.0"
sqlparse = ">=0.3.1"
tzdata = {version = "*", markers = "sys_platform == 'win32'"}

[[package]]
name = "asgiref"
version = "3.8.1"
description = "ASGI specs, helper code, and adapters"
optional = false
python-versions = ">=3.8"
files = []

[[package]]
name = "sqlparse"
version = "0.5.0"
description = "A non-validating SQL parser."
optional = false
python-versions = ">=3.8"
files = []

[[package]]
name = "celery"
version = "5.3.6"
description = "Distributed Task Queue."
optional = false
python-versions = ">=3.8"
files = []

[[package]]
name = "redis"
version = "5.0.4"
description = "Python client for Redis key-value store"
optional = false
python-versions = ">=3.8"
files = []

[[package]]
name = "pillow"
version = "10.3.0"
description = "Python Imaging Library (Fork)"
optional = false
python-versions = ">=3.8"
files = []

[[package]]
name = "reportlab"
version = "4.2.0"
description = "The ReportLab Plugin"
optional = false
python-versions = ">=3.8"
files = []

[metadata]
lock-version = "2.0"
python-versions = ">=3.11"
content-hash = "c748921827498172947192847192847192847192847192847192847192847192"
